// !$*UTF8*$!
{
	archiveVersion = 1;
	classes = {
	};
	objectVersion = 46;
	objects = {

/* Begin PBXBuildFile section */
		BAAD40A81B957C78000019F2 /* AppDelegate.swift in Sources */ = {isa = PBXBuildFile; fileRef = BAAD40A71B957C78000019F2 /* AppDelegate.swift */; };
		BAAD40AA1B957C78000019F2 /* ViewController.swift in Sources */ = {isa = PBXBuildFile; fileRef = BAAD40A91B957C78000019F2 /* ViewController.swift */; };
		BAAD40AD1B957C78000019F2 /* Main.storyboard in Resources */ = {isa = PBXBuildFile; fileRef = BAAD40AB1B957C78000019F2 /* Main.storyboard */; };
		BAAD40AF1B957C78000019F2 /* Assets.xcassets in Resources */ = {isa = PBXBuildFile; fileRef = BAAD40AE1B957C78000019F2 /* Assets.xcassets */; };
		BAAD40B21B957C78000019F2 /* LaunchScreen.storyboard in Resources */ = {isa = PBXBuildFile; fileRef = BAAD40B01B957C78000019F2 /* LaunchScreen.storyboard */; };
/* End PBXBuildFile section */

/* Begin PBXFileReference section */
		BAAD40A41B957C78000019F2 /* watchConnectivityAppContextSample.app */ = {isa = PBXFileReference; explicitFileType = wrapper.application; includeInIndex = 0; path = watchConnectivityAppContextSample.app; sourceTree = BUILT_PRODUCTS_DIR; };
		BAAD40A71B957C78000019F2 /* AppDelegate.swift */ = {isa = PBXFileReference; lastKnownFileType = sourcecode.swift; path = AppDelegate.swift; sourceTree = "<group>"; };
		BAAD40A91B957C78000019F2 /* ViewController.swift */ = {isa = PBXFileReference; lastKnownFileType = sourcecode.swift; path = ViewController.swift; sourceTree = "<group>"; };
		BAAD40AC1B957C78000019F2 /* Base */ = {isa = PBXFileReference; lastKnownFileType = file.storyboard; name = Base; path = Base.lproj/Main.storyboard; sourceTree = "<group>"; };
		BAAD40AE1B957C78000019F2 /* Assets.xcassets */ = {isa = PBXFileReference; lastKnownFileType = folder.assetcatalog; path = Assets.xcassets; sourceTree = "<group>"; };
		BAAD40B11B957C78000019F2 /* Base */ = {isa = PBXFileReference; lastKnownFileType = file.storyboard; name = Base; path = Base.lproj/LaunchScreen.storyboard; sourceTree = "<group>"; };
		BAAD40B31B957C78000019F2 /* Info.plist */ = {isa = PBXFileReference; lastKnownFileType = text.plist.xml; path = Info.plist; sourceTree = "<group>"; };
/* End PBXFileReference section */

/* Begin PBXFrameworksBuildPhase section */
		BAAD40A11B957C78000019F2 /* Frameworks */ = {
			isa = PBXFrameworksBuildPhase;
			buildActionMask = 2147483647;
			files = (
			);
			runOnlyForDeploymentPostprocessing = 0;
		};
/* End PBXFrameworksBuildPhase section */

/* Begin PBXGroup section */
		BAAD409B1B957C77000019F2 = {
			isa = PBXGroup;
			children = (
				BAAD40A61B957C78000019F2 /* watchConnectivityAppContextSample */,
				BAAD40A51B957C78000019F2 /* Products */,
			);
			sourceTree = "<group>";
		};
		BAAD40A51B957C78000019F2 /* Products */ = {
			isa = PBXGroup;
			children = (
				BAAD40A41B957C78000019F2 /* watchConnectivityAppContextSample.app */,
			);
			name = Products;
			sourceTree = "<group>";
		};
		BAAD40A61B957C78000019F2 /* watchConnectivityAppContextSample */ = {
			isa = PBXGroup;
			children = (
				BAAD40A71B957C78000019F2 /* AppDelegate.swift */,
				BAAD40A91B957C78000019F2 /* ViewController.swift */,
				BAAD40AB1B957C78000019F2 /* Main.storyboard */,
				BAAD40AE1B957C78000019F2 /* Assets.xcassets */,
				BAAD40B01B957C78000019F2 /* LaunchScreen.storyboard */,
				BAAD40B31B957C78000019F2 /* Info.plist */,
			);
			path = watchConnectivityAppContextSample;
			sourceTree = "<group>";
		};
/* End PBXGroup section */

/* Begin PBXNativeTarget section */
		BAAD40A31B957C78000019F2 /* watchConnectivityAppContextSample */ = {
			isa = PBXNativeTarget;
			buildConfigurationList = BAAD40B61B957C78000019F2 /* Build configuration list for PBXNativeTarget "watchConnectivityAppContextSample" */;
			buildPhases = (
				BAAD40A01B957C78000019F2 /* Sources */,
				BAAD40A11B957C78000019F2 /* Frameworks */,
				BAAD40A21B957C78000019F2 /* Resources */,
			);
			buildRules = (
			);
			dependencies = (
			);
			name = watchConnectivityAppContextSample;
			productName = watchConnectivityAppContextSample;
			productReference = BAAD40A41B957C78000019F2 /* watchConnectivityAppContextSample.app */;
			productType = "com.apple.product-type.application";
		};
/* End PBXNativeTarget section */

/* Begin PBXProject section */
		BAAD409C1B957C77000019F2 /* Project object */ = {
			isa = PBXProject;
			attributes = {
				LastUpgradeCheck = 0700;
				ORGANIZATIONNAME = "長尾 聡一郎";
				TargetAttributes = {
					BAAD40A31B957C78000019F2 = {
						CreatedOnToolsVersion = 7.0;
					};
				};
			};
			buildConfigurationList = BAAD409F1B957C78000019F2 /* Build configuration list for PBXProject "watchConnectivityAppContextSample" */;
			compatibilityVersion = "Xcode 3.2";
			developmentRegion = English;
			hasScannedForEncodings = 0;
			knownRegions = (
				en,
				Base,
			);
			mainGroup = BAAD409B1B957C77000019F2;
			productRefGroup = BAAD40A51B957C78000019F2 /* Products */;
			projectDirPath = "";
			projectRoot = "";
			targets = (
				BAAD40A31B957C78000019F2 /* watchConnectivityAppContextSample */,
			);
		};
/* End PBXProject section */

/* Begin PBXResourcesBuildPhase section */
		BAAD40A21B957C78000019F2 /* Resources */ = {
			isa = PBXResourcesBuildPhase;
			buildActionMask = 2147483647;
			files = (
				BAAD40B21B957C78000019F2 /* LaunchScreen.storyboard in Resources */,
				BAAD40AF1B957C78000019F2 /* Assets.xcassets in Resources */,
				BAAD40AD1B957C78000019F2 /* Main.storyboard in Resources */,
			);
			runOnlyForDeploymentPostprocessing = 0;
		};
/* End PBXResourcesBuildPhase section */

/* Begin PBXSourcesBuildPhase section */
		BAAD40A01B957C78000019F2 /* Sources */ = {
			isa = PBXSourcesBuildPhase;
			buildActionMask = 2147483647;
			files = (
				BAAD40AA1B957C78000019F2 /* ViewController.swift in Sources */,
				BAAD40A81B957C78000019F2 /* AppDelegate.swift in Sources */,
			);
			runOnlyForDeploymentPostprocessing = 0;
		};
/* End PBXSourcesBuildPhase section */

/* Begin PBXVariantGroup section */
		BAAD40AB1B957C78000019F2 /* Main.storyboard */ = {
			isa = PBXVariantGroup;
			children = (
				BAAD40AC1B957C78000019F2 /* Base */,
			);
			name = Main.storyboard;
			sourceTree = "<group>";
		};
		BAAD40B01B957C78000019F2 /* LaunchScreen.storyboard */ = {
			isa = PBXVariantGroup;
			children = (
				BAAD40B11B957C78000019F2 /* Base */,
			);
			name = LaunchScreen.storyboard;
			sourceTree = "<group>";
		};
/* End PBXVariantGroup section */

/* Begin XCBuildConfiguration section */
		BAAD40B41B957C78000019F2 /* Debug */ = {
			isa = XCBuildConfiguration;
			buildSettings = {
				ALWAYS_SEARCH_USER_PATHS = NO;
				CLANG_CXX_LANGUAGE_STANDARD = "gnu++0x";
				CLANG_CXX_LIBRARY = "libc++";
				CLANG_ENABLE_MODULES = YES;
				CLANG_ENABLE_OBJC_ARC = YES;
				CLANG_WARN_BOOL_CONVERSION = YES;
				CLANG_WARN_CONSTANT_CONVERSION = YES;
				CLANG_WARN_DIRECT_OBJC_ISA_USAGE = YES_ERROR;
				CLANG_WARN_EMPTY_BODY = YES;
				CLANG_WARN_ENUM_CONVERSION = YES;
				CLANG_WARN_INT_CONVERSION = YES;
				CLANG_WARN_OBJC_ROOT_CLASS = YES_ERROR;
				CLANG_WARN_UNREACHABLE_CODE = YES;
				CLANG_WARN__DUPLICATE_METHOD_MATCH = YES;
				"CODE_SIGN_IDENTITY[sdk=iphoneos*]" = "iPhone Developer";
				COPY_PHASE_STRIP = NO;
				DEBUG_INFORMATION_FORMAT = dwarf;
				ENABLE_STRICT_OBJC_MSGSEND = YES;
				ENABLE_TESTABILITY = YES;
				GCC_C_LANGUAGE_STANDARD = gnu99;
				GCC_DYNAMIC_NO_PIC = NO;
				GCC_NO_COMMON_BLOCKS = YES;
				GCC_OPTIMIZATION_LEVEL = 0;
				GCC_PREPROCESSOR_DEFINITIONS = (
					"DEBUG=1",
					"$(inherited)",
				);
				GCC_WARN_64_TO_32_BIT_CONVERSION = YES;
				GCC_WARN_ABOUT_RETURN_TYPE = YES_ERROR;
				GCC_WARN_UNDECLARED_SELECTOR = YES;
				GCC_WARN_UNINITIALIZED_AUTOS = YES_AGGRESSIVE;
				GCC_WARN_UNUSED_FUNCTION = YES;
				GCC_WARN_UNUSED_VARIABLE = YES;
				IPHONEOS_DEPLOYMENT_TARGET = 9.0;
				MTL_ENABLE_DEBUG_INFO = YES;
				ONLY_ACTIVE_ARCH = YES;
				SDKROOT = iphoneos;
				SWIFT_OPTIMIZATION_LEVEL = "-Onone";
			};
			name = Debug;
		};
		BAAD40B51B957C78000019F2 /* Release */ = {
			isa = XCBuildConfiguration;
			buildSettings = {
				ALWAYS_SEARCH_USER_PATHS = NO;
				CLANG_CXX_LANGUAGE_STANDARD = "gnu++0x";
				CLANG_CXX_LIBRARY = "libc++";
				CLANG_ENABLE_MODULES = YES;
				CLANG_ENABLE_OBJC_ARC = YES;
				CLANG_WARN_BOOL_CONVERSION = YES;
				CLANG_WARN_CONSTANT_CONVERSION = YES;
				CLANG_WARN_DIRECT_OBJC_ISA_USAGE = YES_ERROR;
				CLANG_WARN_EMPTY_BODY = YES;
				CLANG_WARN_ENUM_CONVERSION = YES;
				CLANG_WARN_INT_CONVERSION = YES;
				CLANG_WARN_OBJC_ROOT_CLASS = YES_ERROR;
				CLANG_WARN_UNREACHABLE_CODE = YES;
				CLANG_WARN__DUPLICATE_METHOD_MATCH = YES;
				"CODE_SIGN_IDENTITY[sdk=iphoneos*]" = "iPhone Developer";
				COPY_PHASE_STRIP = NO;
				DEBUG_INFORMATION_FORMAT = "dwarf-with-dsym";
				ENABLE_NS_ASSERTIONS = NO;
				ENABLE_STRICT_OBJC_MSGSEND = YES;
				GCC_C_LANGUAGE_STANDARD = gnu99;
				GCC_NO_COMMON_BLOCKS = YES;
				GCC_WARN_64_TO_32_BIT_CONVERSION = YES;
				GCC_WARN_ABOUT_RETURN_TYPE = YES_ERROR;
				GCC_WARN_UNDECLARED_SELECTOR = YES;
				GCC_WARN_UNINITIALIZED_AUTOS = YES_AGGRESSIVE;
				GCC_WARN_UNUSED_FUNCTION = YES;
				GCC_WARN_UNUSED_VARIABLE = YES;
				IPHONEOS_DEPLOYMENT_TARGET = 9.0;
				MTL_ENABLE_DEBUG_INFO = NO;
				SDKROOT = iphoneos;
				VALIDATE_PRODUCT = YES;
			};
			name = Release;
		};
		BAAD40B71B957C78000019F2 /* Debug */ = {
			isa = XCBuildConfiguration;
			buildSettings = {
				ASSETCATALOG_COMPILER_APPICON_NAME = AppIcon;
				INFOPLIST_FILE = watchConnectivityAppContextSample/Info.plist;
				LD_RUNPATH_SEARCH_PATHS = "$(inherited) @executable_path/Frameworks";
				PRODUCT_BUNDLE_IDENTIFIER = jp.sohichiro.watchConnectivityAppContextSample;
				PRODUCT_NAME = "$(TARGET_NAME)";
			};
			name = Debug;
		};
		BAAD40B81B957C78000019F2 /* Release */ = {
			isa = XCBuildConfiguration;
			buildSettings = {
				ASSETCATALOG_COMPILER_APPICON_NAME = AppIcon;
				INFOPLIST_FILE = watchConnectivityAppContextSample/Info.plist;
				LD_RUNPATH_SEARCH_PATHS = "$(inherited) @executable_path/Frameworks";
				PRODUCT_BUNDLE_IDENTIFIER = jp.sohichiro.watchConnectivityAppContextSample;
				PRODUCT_NAME = "$(TARGET_NAME)";
			};
			name = Release;
		};
/* End XCBuildConfiguration section */

/* Begin XCConfigurationList section */
		BAAD409F1B957C78000019F2 /* Build configuration list for PBXProject "watchConnectivityAppContextSample" */ = {
			isa = XCConfigurationList;
			buildConfigurations = (
				BAAD40B41B957C78000019F2 /* Debug */,
				BAAD40B51B957C78000019F2 /* Release */,
			);
			defaultConfigurationIsVisible = 0;
			defaultConfigurationName = Release;
		};
		BAAD40B61B957C78000019F2 /* Build configuration list for PBXNativeTarget "watchConnectivityAppContextSample" */ = {
			isa = XCConfigurationList;
			buildConfigurations = (
				BAAD40B71B957C78000019F2 /* Debug */,
				BAAD40B81B957C78000019F2 /* Release */,
			);
			defaultConfigurationIsVisible = 0;
		};
/* End XCConfigurationList section */
	};
	rootObject = BAAD409C1B957C77000019F2 /* Project object */;
}
